
Microsoft Visual Studio Solution File, Format Version 12.00
# Visual Studio Version 17
VisualStudioVersion = 17.0.32112.339
MinimumVisualStudioVersion = 10.0.40219.1
Project("{9A19103F-16F7-4668-BE54-9A1E7A4F7556}") = "CSharp10Features", "CSharp10Features\CSharp10Features.csproj", "{550DC88A-B5BE-4F2D-B111-CDAED64542E0}"
EndProject
Project("{FAE04EC0-301F-11D3-BF4B-00C04F79EFBC}") = "ConsoleNET5", "ConsoleNET5\ConsoleNET5.csproj", "{5790BCD3-55A6-4FC2-BB7F-533A22F84BA1}"
EndProject
Global
	GlobalSection(SolutionConfigurationPlatforms) = preSolution
		Debug|Any CPU = Debug|Any CPU
		Release|Any CPU = Release|Any CPU
	EndGlobalSection
	GlobalSection(ProjectConfigurationPlatforms) = postSolution
		{550DC88A-B5BE-4F2D-B111-CDAED64542E0}.Debug|Any CPU.ActiveCfg = Debug|Any CPU
		{550DC88A-B5BE-4F2D-B111-CDAED64542E0}.Debug|Any CPU.Build.0 = Debug|Any CPU
		{550DC88A-B5BE-4F2D-B111-CDAED64542E0}.Release|Any CPU.ActiveCfg = Release|Any CPU
		{550DC88A-B5BE-4F2D-B111-CDAED64542E0}.Release|Any CPU.Build.0 = Release|Any CPU
		{5790BCD3-55A6-4FC2-BB7F-533A22F84BA1}.Debug|Any CPU.ActiveCfg = Debug|Any CPU
		{5790BCD3-55A6-4FC2-BB7F-533A22F84BA1}.Debug|Any CPU.Build.0 = Debug|Any CPU
		{5790BCD3-55A6-4FC2-BB7F-533A22F84BA1}.Release|Any CPU.ActiveCfg = Release|Any CPU
		{5790BCD3-55A6-4FC2-BB7F-533A22F84BA1}.Release|Any CPU.Build.0 = Release|Any CPU
	EndGlobalSection
	GlobalSection(SolutionProperties) = preSolution
		HideSolutionNode = FALSE
	EndGlobalSection
	GlobalSection(ExtensibilityGlobals) = postSolution
		SolutionGuid = {26BC5462-CD29-4AF4-BE41-50271044FA64}
	EndGlobalSection
EndGlobal
